
Microsoft Visual Studio Solution File, Format Version 12.00
# Visual Studio Version 17
VisualStudioVersion = 17.2.32602.215
MinimumVisualStudioVersion = 10.0.40219.1
Project("{9A19103F-16F7-4668-BE54-9A1E7A4F7556}") = "tRoot", "tRoot.csproj", "{D1070179-09FD-4596-847F-3D55F2FAF531}"
EndProject
Global
	GlobalSection(SolutionConfigurationPlatforms) = preSolution
		Debug|Any CPU = Debug|Any CPU
		Release|Any CPU = Release|Any CPU
	EndGlobalSection
	GlobalSection(ProjectConfigurationPlatforms) = postSolution
		{D1070179-09FD-4596-847F-3D55F2FAF531}.Debug|Any CPU.ActiveCfg = Debug|Any CPU
		{D1070179-09FD-4596-847F-3D55F2FAF531}.Debug|Any CPU.Build.0 = Debug|Any CPU
		{D1070179-09FD-4596-847F-3D55F2FAF531}.Release|Any CPU.ActiveCfg = Release|Any CPU
		{D1070179-09FD-4596-847F-3D55F2FAF531}.Release|Any CPU.Build.0 = Release|Any CPU
	EndGlobalSection
	GlobalSection(SolutionProperties) = preSolution
		HideSolutionNode = FALSE
	EndGlobalSection
	GlobalSection(ExtensibilityGlobals) = postSolution
		SolutionGuid = {3D342645-41BD-4FCA-B765-9771CD9D6B13}
	EndGlobalSection
EndGlobal
